// !$*UTF8*$!
{
	archiveVersion = 1;
	classes = {
	};
	objectVersion = 46;
	objects = {

/* Begin PBXBuildFile section */
		9559D0701EC8F14C00BAC3F5 /* PodCarouselViewController.swift in Sources */ = {isa = PBXBuildFile; fileRef = 9559D06F1EC8F14C00BAC3F5 /* PodCarouselViewController.swift */; };
		9559D0721EC8F1CD00BAC3F5 /* iCarousel.m in Sources */ = {isa = PBXBuildFile; fileRef = 9559D0711EC8F1CD00BAC3F5 /* iCarousel.m */; };
		9578B5941ED3E4370096A518 /* NewPostViewController.swift in Sources */ = {isa = PBXBuildFile; fileRef = 9578B5931ED3E4370096A518 /* NewPostViewController.swift */; };
		95C8C3A31ED39ABC004A2A29 /* CommentViewController.swift in Sources */ = {isa = PBXBuildFile; fileRef = 95C8C3A21ED39ABC004A2A29 /* CommentViewController.swift */; };
		95C8C3A81ED3A00F004A2A29 /* CommentTableViewCell.swift in Sources */ = {isa = PBXBuildFile; fileRef = 95C8C3A61ED3A00F004A2A29 /* CommentTableViewCell.swift */; };
		95C8C3A91ED3A00F004A2A29 /* CommentTableViewCell.xib in Resources */ = {isa = PBXBuildFile; fileRef = 95C8C3A71ED3A00F004A2A29 /* CommentTableViewCell.xib */; };
		95CF55941ECBABEC00B1751E /* CommentHeaderViewController.swift in Sources */ = {isa = PBXBuildFile; fileRef = 95CF55931ECBABEC00B1751E /* CommentHeaderViewController.swift */; };
		95CF56071ECBC9BD00B1751E /* Main.storyboard in Resources */ = {isa = PBXBuildFile; fileRef = 95CF56061ECBC9BD00B1751E /* Main.storyboard */; };
		95CF56101ECBD18900B1751E /* MessageCell.swift in Sources */ = {isa = PBXBuildFile; fileRef = 95CF560E1ECBD18900B1751E /* MessageCell.swift */; };
		95D14F191EBD738A0049C58A /* PodTableViewController.swift in Sources */ = {isa = PBXBuildFile; fileRef = 95D14F181EBD738A0049C58A /* PodTableViewController.swift */; };
		95D14F1B1EBD773C0049C58A /* PodTableViewCell.swift in Sources */ = {isa = PBXBuildFile; fileRef = 95D14F1A1EBD773C0049C58A /* PodTableViewCell.swift */; };
		95D14F211EBD7F580049C58A /* PodTableViewSectionHeader.swift in Sources */ = {isa = PBXBuildFile; fileRef = 95D14F201EBD7F580049C58A /* PodTableViewSectionHeader.swift */; };
		95D14F231EBD7F6B0049C58A /* PodTableViewSectionHeader.xib in Resources */ = {isa = PBXBuildFile; fileRef = 95D14F221EBD7F6B0049C58A /* PodTableViewSectionHeader.xib */; };
		95D14F251EBE8C410049C58A /* PodData.swift in Sources */ = {isa = PBXBuildFile; fileRef = 95D14F241EBE8C410049C58A /* PodData.swift */; };
		95D14F271EBE993E0049C58A /* PodTabBarController.swift in Sources */ = {isa = PBXBuildFile; fileRef = 95D14F261EBE993E0049C58A /* PodTabBarController.swift */; };
		95D14F291EBE9A5F0049C58A /* PodCreationViewController.swift in Sources */ = {isa = PBXBuildFile; fileRef = 95D14F281EBE9A5F0049C58A /* PodCreationViewController.swift */; };
		95D14F2C1EBEA0A70049C58A /* Constants.swift in Sources */ = {isa = PBXBuildFile; fileRef = 95D14F2B1EBEA0A70049C58A /* Constants.swift */; };
		C807AC9F9F51908EF23D61C2 /* Pods_Pod.framework in Frameworks */ = {isa = PBXBuildFile; fileRef = FEE88E6AA0B47D4648BD0D55 /* Pods_Pod.framework */; };
		F4A3BE381ECBAC180032B3E3 /* PodView.swift in Sources */ = {isa = PBXBuildFile; fileRef = F4A3BE371ECBAC180032B3E3 /* PodView.swift */; };
		F4BECB301EBD682D00B98BA8 /* AppDelegate.swift in Sources */ = {isa = PBXBuildFile; fileRef = F4BECB2F1EBD682D00B98BA8 /* AppDelegate.swift */; };
		F4BECB371EBD682D00B98BA8 /* Assets.xcassets in Resources */ = {isa = PBXBuildFile; fileRef = F4BECB361EBD682D00B98BA8 /* Assets.xcassets */; };
		F4BECB3A1EBD682D00B98BA8 /* LaunchScreen.storyboard in Resources */ = {isa = PBXBuildFile; fileRef = F4BECB381EBD682D00B98BA8 /* LaunchScreen.storyboard */; };
		F4BECB421EBD6FE000B98BA8 /* LoginViewController.swift in Sources */ = {isa = PBXBuildFile; fileRef = F4BECB411EBD6FE000B98BA8 /* LoginViewController.swift */; };
		F4BECB441EBD738800B98BA8 /* GoogleService-Info.plist in Resources */ = {isa = PBXBuildFile; fileRef = F4BECB431EBD738800B98BA8 /* GoogleService-Info.plist */; };
		F4BECB471EBE660900B98BA8 /* UIView+Autolayout.swift in Sources */ = {isa = PBXBuildFile; fileRef = F4BECB461EBE660900B98BA8 /* UIView+Autolayout.swift */; };
		F4BECB491EBE6D3D00B98BA8 /* UIColor+Pod.swift in Sources */ = {isa = PBXBuildFile; fileRef = F4BECB481EBE6D3D00B98BA8 /* UIColor+Pod.swift */; };
/* End PBXBuildFile section */

/* Begin PBXFileReference section */
		6D44DA30209E359384E89016 /* Pods-Pod.release.xcconfig */ = {isa = PBXFileReference; includeInIndex = 1; lastKnownFileType = text.xcconfig; name = "Pods-Pod.release.xcconfig"; path = "Pods/Target Support Files/Pods-Pod/Pods-Pod.release.xcconfig"; sourceTree = "<group>"; };
		9559D06F1EC8F14C00BAC3F5 /* PodCarouselViewController.swift */ = {isa = PBXFileReference; fileEncoding = 4; lastKnownFileType = sourcecode.swift; path = PodCarouselViewController.swift; sourceTree = "<group>"; };
		9559D0711EC8F1CD00BAC3F5 /* iCarousel.m */ = {isa = PBXFileReference; fileEncoding = 4; lastKnownFileType = sourcecode.c.objc; path = iCarousel.m; sourceTree = "<group>"; };
		9559D0731EC8F1E800BAC3F5 /* iCarousel.h */ = {isa = PBXFileReference; lastKnownFileType = sourcecode.c.h; path = iCarousel.h; sourceTree = "<group>"; };
		9578B5931ED3E4370096A518 /* NewPostViewController.swift */ = {isa = PBXFileReference; fileEncoding = 4; lastKnownFileType = sourcecode.swift; path = NewPostViewController.swift; sourceTree = "<group>"; };
		95C8C3A21ED39ABC004A2A29 /* CommentViewController.swift */ = {isa = PBXFileReference; fileEncoding = 4; lastKnownFileType = sourcecode.swift; path = CommentViewController.swift; sourceTree = "<group>"; };
		95C8C3A61ED3A00F004A2A29 /* CommentTableViewCell.swift */ = {isa = PBXFileReference; fileEncoding = 4; lastKnownFileType = sourcecode.swift; path = CommentTableViewCell.swift; sourceTree = "<group>"; };
		95C8C3A71ED3A00F004A2A29 /* CommentTableViewCell.xib */ = {isa = PBXFileReference; fileEncoding = 4; lastKnownFileType = file.xib; path = CommentTableViewCell.xib; sourceTree = "<group>"; };
		95CF55931ECBABEC00B1751E /* CommentHeaderViewController.swift */ = {isa = PBXFileReference; fileEncoding = 4; lastKnownFileType = sourcecode.swift; path = CommentHeaderViewController.swift; sourceTree = "<group>"; };
		95CF56061ECBC9BD00B1751E /* Main.storyboard */ = {isa = PBXFileReference; fileEncoding = 4; lastKnownFileType = file.storyboard; path = Main.storyboard; sourceTree = "<group>"; };
		95CF560E1ECBD18900B1751E /* MessageCell.swift */ = {isa = PBXFileReference; fileEncoding = 4; lastKnownFileType = sourcecode.swift; path = MessageCell.swift; sourceTree = "<group>"; };
		95D14F181EBD738A0049C58A /* PodTableViewController.swift */ = {isa = PBXFileReference; fileEncoding = 4; lastKnownFileType = sourcecode.swift; path = PodTableViewController.swift; sourceTree = "<group>"; };
		95D14F1A1EBD773C0049C58A /* PodTableViewCell.swift */ = {isa = PBXFileReference; fileEncoding = 4; lastKnownFileType = sourcecode.swift; path = PodTableViewCell.swift; sourceTree = "<group>"; };
		95D14F201EBD7F580049C58A /* PodTableViewSectionHeader.swift */ = {isa = PBXFileReference; fileEncoding = 4; lastKnownFileType = sourcecode.swift; path = PodTableViewSectionHeader.swift; sourceTree = "<group>"; };
		95D14F221EBD7F6B0049C58A /* PodTableViewSectionHeader.xib */ = {isa = PBXFileReference; fileEncoding = 4; lastKnownFileType = file.xib; path = PodTableViewSectionHeader.xib; sourceTree = "<group>"; };
		95D14F241EBE8C410049C58A /* PodData.swift */ = {isa = PBXFileReference; fileEncoding = 4; lastKnownFileType = sourcecode.swift; path = PodData.swift; sourceTree = "<group>"; };
		95D14F261EBE993E0049C58A /* PodTabBarController.swift */ = {isa = PBXFileReference; fileEncoding = 4; lastKnownFileType = sourcecode.swift; path = PodTabBarController.swift; sourceTree = "<group>"; };
		95D14F281EBE9A5F0049C58A /* PodCreationViewController.swift */ = {isa = PBXFileReference; fileEncoding = 4; lastKnownFileType = sourcecode.swift; path = PodCreationViewController.swift; sourceTree = "<group>"; };
		95D14F2B1EBEA0A70049C58A /* Constants.swift */ = {isa = PBXFileReference; fileEncoding = 4; lastKnownFileType = sourcecode.swift; path = Constants.swift; sourceTree = "<group>"; };
		DB37B267B5709340ACC441C6 /* Pods-Pod.debug.xcconfig */ = {isa = PBXFileReference; includeInIndex = 1; lastKnownFileType = text.xcconfig; name = "Pods-Pod.debug.xcconfig"; path = "Pods/Target Support Files/Pods-Pod/Pods-Pod.debug.xcconfig"; sourceTree = "<group>"; };
		F4A3BE371ECBAC180032B3E3 /* PodView.swift */ = {isa = PBXFileReference; fileEncoding = 4; lastKnownFileType = sourcecode.swift; path = PodView.swift; sourceTree = "<group>"; };
		F4BECB2C1EBD682D00B98BA8 /* Pod.app */ = {isa = PBXFileReference; explicitFileType = wrapper.application; includeInIndex = 0; path = Pod.app; sourceTree = BUILT_PRODUCTS_DIR; };
		F4BECB2F1EBD682D00B98BA8 /* AppDelegate.swift */ = {isa = PBXFileReference; lastKnownFileType = sourcecode.swift; path = AppDelegate.swift; sourceTree = "<group>"; };
		F4BECB361EBD682D00B98BA8 /* Assets.xcassets */ = {isa = PBXFileReference; lastKnownFileType = folder.assetcatalog; path = Assets.xcassets; sourceTree = "<group>"; };
		F4BECB391EBD682D00B98BA8 /* Base */ = {isa = PBXFileReference; lastKnownFileType = file.storyboard; name = Base; path = Base.lproj/LaunchScreen.storyboard; sourceTree = "<group>"; };
		F4BECB3B1EBD682D00B98BA8 /* Info.plist */ = {isa = PBXFileReference; lastKnownFileType = text.plist.xml; path = Info.plist; sourceTree = "<group>"; };
		F4BECB411EBD6FE000B98BA8 /* LoginViewController.swift */ = {isa = PBXFileReference; fileEncoding = 4; lastKnownFileType = sourcecode.swift; path = LoginViewController.swift; sourceTree = "<group>"; };
		F4BECB431EBD738800B98BA8 /* GoogleService-Info.plist */ = {isa = PBXFileReference; fileEncoding = 4; lastKnownFileType = text.plist.xml; path = "GoogleService-Info.plist"; sourceTree = "<group>"; };
		F4BECB451EBD760600B98BA8 /* Pod-Bridging-Header.h */ = {isa = PBXFileReference; lastKnownFileType = sourcecode.c.h; path = "Pod-Bridging-Header.h"; sourceTree = "<group>"; };
		F4BECB461EBE660900B98BA8 /* UIView+Autolayout.swift */ = {isa = PBXFileReference; fileEncoding = 4; lastKnownFileType = sourcecode.swift; path = "UIView+Autolayout.swift"; sourceTree = "<group>"; };
		F4BECB481EBE6D3D00B98BA8 /* UIColor+Pod.swift */ = {isa = PBXFileReference; fileEncoding = 4; lastKnownFileType = sourcecode.swift; path = "UIColor+Pod.swift"; sourceTree = "<group>"; };
		FEE88E6AA0B47D4648BD0D55 /* Pods_Pod.framework */ = {isa = PBXFileReference; explicitFileType = wrapper.framework; includeInIndex = 0; path = Pods_Pod.framework; sourceTree = BUILT_PRODUCTS_DIR; };
/* End PBXFileReference section */

/* Begin PBXFrameworksBuildPhase section */
		F4BECB291EBD682D00B98BA8 /* Frameworks */ = {
			isa = PBXFrameworksBuildPhase;
			buildActionMask = 2147483647;
			files = (
				C807AC9F9F51908EF23D61C2 /* Pods_Pod.framework in Frameworks */,
			);
			runOnlyForDeploymentPostprocessing = 0;
		};
/* End PBXFrameworksBuildPhase section */

/* Begin PBXGroup section */
		75B3EF7C8AD1162361520E4E /* Frameworks */ = {
			isa = PBXGroup;
			children = (
				FEE88E6AA0B47D4648BD0D55 /* Pods_Pod.framework */,
			);
			name = Frameworks;
			sourceTree = "<group>";
		};
		9559D0681EC8F0FA00BAC3F5 /* iCarousel */ = {
			isa = PBXGroup;
			children = (
				9559D0711EC8F1CD00BAC3F5 /* iCarousel.m */,
				9559D0731EC8F1E800BAC3F5 /* iCarousel.h */,
			);
			path = iCarousel;
			sourceTree = "<group>";
		};
		95D14F2A1EBE9A630049C58A /* Pod Table View */ = {
			isa = PBXGroup;
			children = (
				95D14F181EBD738A0049C58A /* PodTableViewController.swift */,
				95D14F1A1EBD773C0049C58A /* PodTableViewCell.swift */,
				95D14F201EBD7F580049C58A /* PodTableViewSectionHeader.swift */,
				95D14F221EBD7F6B0049C58A /* PodTableViewSectionHeader.xib */,
			);
			name = "Pod Table View";
			sourceTree = "<group>";
		};
		F1DD35F1B7F68A7524F2AAAD /* Pods */ = {
			isa = PBXGroup;
			children = (
				DB37B267B5709340ACC441C6 /* Pods-Pod.debug.xcconfig */,
				6D44DA30209E359384E89016 /* Pods-Pod.release.xcconfig */,
			);
			name = Pods;
			sourceTree = "<group>";
		};
		F4BECB231EBD682D00B98BA8 = {
			isa = PBXGroup;
			children = (
				F4BECB2E1EBD682D00B98BA8 /* Pod */,
				F4BECB2D1EBD682D00B98BA8 /* Products */,
				F1DD35F1B7F68A7524F2AAAD /* Pods */,
				75B3EF7C8AD1162361520E4E /* Frameworks */,
			);
			sourceTree = "<group>";
		};
		F4BECB2D1EBD682D00B98BA8 /* Products */ = {
			isa = PBXGroup;
			children = (
				F4BECB2C1EBD682D00B98BA8 /* Pod.app */,
			);
			name = Products;
			sourceTree = "<group>";
		};
		F4BECB2E1EBD682D00B98BA8 /* Pod */ = {
			isa = PBXGroup;
			children = (
				9559D0681EC8F0FA00BAC3F5 /* iCarousel */,
				95D14F2A1EBE9A630049C58A /* Pod Table View */,
				F4BECB2F1EBD682D00B98BA8 /* AppDelegate.swift */,
				F4BECB451EBD760600B98BA8 /* Pod-Bridging-Header.h */,
				F4BECB411EBD6FE000B98BA8 /* LoginViewController.swift */,
				F4BECB481EBE6D3D00B98BA8 /* UIColor+Pod.swift */,
				9559D06F1EC8F14C00BAC3F5 /* PodCarouselViewController.swift */,
				F4A3BE371ECBAC180032B3E3 /* PodView.swift */,
				F4BECB461EBE660900B98BA8 /* UIView+Autolayout.swift */,
				95CF56061ECBC9BD00B1751E /* Main.storyboard */,
				F4BECB361EBD682D00B98BA8 /* Assets.xcassets */,
				F4BECB381EBD682D00B98BA8 /* LaunchScreen.storyboard */,
				F4BECB3B1EBD682D00B98BA8 /* Info.plist */,
				F4BECB431EBD738800B98BA8 /* GoogleService-Info.plist */,
				95D14F241EBE8C410049C58A /* PodData.swift */,
				95D14F261EBE993E0049C58A /* PodTabBarController.swift */,
				95D14F281EBE9A5F0049C58A /* PodCreationViewController.swift */,
				95D14F2B1EBEA0A70049C58A /* Constants.swift */,
				95CF55931ECBABEC00B1751E /* CommentHeaderViewController.swift */,
				95CF560E1ECBD18900B1751E /* MessageCell.swift */,
				95C8C3A21ED39ABC004A2A29 /* CommentViewController.swift */,
				95C8C3A61ED3A00F004A2A29 /* CommentTableViewCell.swift */,
				95C8C3A71ED3A00F004A2A29 /* CommentTableViewCell.xib */,
				9578B5931ED3E4370096A518 /* NewPostViewController.swift */,
			);
			path = Pod;
			sourceTree = "<group>";
		};
/* End PBXGroup section */

/* Begin PBXNativeTarget section */
		F4BECB2B1EBD682D00B98BA8 /* Pod */ = {
			isa = PBXNativeTarget;
			buildConfigurationList = F4BECB3E1EBD682D00B98BA8 /* Build configuration list for PBXNativeTarget "Pod" */;
			buildPhases = (
				F188B94A429CBBFF17EA0C35 /* [CP] Check Pods Manifest.lock */,
				F4BECB281EBD682D00B98BA8 /* Sources */,
				F4BECB291EBD682D00B98BA8 /* Frameworks */,
				F4BECB2A1EBD682D00B98BA8 /* Resources */,
				09D60DA96CFB0D82638AA4F3 /* [CP] Embed Pods Frameworks */,
				4CD3306A44AB436DF1B401DF /* [CP] Copy Pods Resources */,
			);
			buildRules = (
			);
			dependencies = (
			);
			name = Pod;
			productName = Pod;
			productReference = F4BECB2C1EBD682D00B98BA8 /* Pod.app */;
			productType = "com.apple.product-type.application";
		};
/* End PBXNativeTarget section */

/* Begin PBXProject section */
		F4BECB241EBD682D00B98BA8 /* Project object */ = {
			isa = PBXProject;
			attributes = {
				LastSwiftUpdateCheck = 0830;
				LastUpgradeCheck = 0830;
				ORGANIZATIONNAME = cs194;
				TargetAttributes = {
					F4BECB2B1EBD682D00B98BA8 = {
						CreatedOnToolsVersion = 8.3.2;
						DevelopmentTeam = F42N7QJG3C;
						ProvisioningStyle = Automatic;
					};
				};
			};
			buildConfigurationList = F4BECB271EBD682D00B98BA8 /* Build configuration list for PBXProject "Pod" */;
			compatibilityVersion = "Xcode 3.2";
			developmentRegion = English;
			hasScannedForEncodings = 0;
			knownRegions = (
				en,
				Base,
			);
			mainGroup = F4BECB231EBD682D00B98BA8;
			productRefGroup = F4BECB2D1EBD682D00B98BA8 /* Products */;
			projectDirPath = "";
			projectRoot = "";
			targets = (
				F4BECB2B1EBD682D00B98BA8 /* Pod */,
			);
		};
/* End PBXProject section */

/* Begin PBXResourcesBuildPhase section */
		F4BECB2A1EBD682D00B98BA8 /* Resources */ = {
			isa = PBXResourcesBuildPhase;
			buildActionMask = 2147483647;
			files = (
				F4BECB3A1EBD682D00B98BA8 /* LaunchScreen.storyboard in Resources */,
				95C8C3A91ED3A00F004A2A29 /* CommentTableViewCell.xib in Resources */,
				95CF56071ECBC9BD00B1751E /* Main.storyboard in Resources */,
				F4BECB441EBD738800B98BA8 /* GoogleService-Info.plist in Resources */,
				F4BECB371EBD682D00B98BA8 /* Assets.xcassets in Resources */,
				95D14F231EBD7F6B0049C58A /* PodTableViewSectionHeader.xib in Resources */,
			);
			runOnlyForDeploymentPostprocessing = 0;
		};
/* End PBXResourcesBuildPhase section */

/* Begin PBXShellScriptBuildPhase section */
		09D60DA96CFB0D82638AA4F3 /* [CP] Embed Pods Frameworks */ = {
			isa = PBXShellScriptBuildPhase;
			buildActionMask = 2147483647;
			files = (
			);
			inputPaths = (
			);
			name = "[CP] Embed Pods Frameworks";
			outputPaths = (
			);
			runOnlyForDeploymentPostprocessing = 0;
			shellPath = /bin/sh;
			shellScript = "\"${SRCROOT}/Pods/Target Support Files/Pods-Pod/Pods-Pod-frameworks.sh\"\n";
			showEnvVarsInLog = 0;
		};
		4CD3306A44AB436DF1B401DF /* [CP] Copy Pods Resources */ = {
			isa = PBXShellScriptBuildPhase;
			buildActionMask = 2147483647;
			files = (
			);
			inputPaths = (
			);
			name = "[CP] Copy Pods Resources";
			outputPaths = (
			);
			runOnlyForDeploymentPostprocessing = 0;
			shellPath = /bin/sh;
			shellScript = "\"${SRCROOT}/Pods/Target Support Files/Pods-Pod/Pods-Pod-resources.sh\"\n";
			showEnvVarsInLog = 0;
		};
		F188B94A429CBBFF17EA0C35 /* [CP] Check Pods Manifest.lock */ = {
			isa = PBXShellScriptBuildPhase;
			buildActionMask = 2147483647;
			files = (
			);
			inputPaths = (
			);
			name = "[CP] Check Pods Manifest.lock";
			outputPaths = (
			);
			runOnlyForDeploymentPostprocessing = 0;
			shellPath = /bin/sh;
			shellScript = "diff \"${PODS_PODFILE_DIR_PATH}/Podfile.lock\" \"${PODS_ROOT}/Manifest.lock\" > /dev/null\nif [ $? != 0 ] ; then\n    # print error to STDERR\n    echo \"error: The sandbox is not in sync with the Podfile.lock. Run 'pod install' or update your CocoaPods installation.\" >&2\n    exit 1\nfi\n";
			showEnvVarsInLog = 0;
		};
/* End PBXShellScriptBuildPhase section */

/* Begin PBXSourcesBuildPhase section */
		F4BECB281EBD682D00B98BA8 /* Sources */ = {
			isa = PBXSourcesBuildPhase;
			buildActionMask = 2147483647;
			files = (
				F4BECB421EBD6FE000B98BA8 /* LoginViewController.swift in Sources */,
				F4BECB471EBE660900B98BA8 /* UIView+Autolayout.swift in Sources */,
				95CF55941ECBABEC00B1751E /* CommentHeaderViewController.swift in Sources */,
				F4BECB301EBD682D00B98BA8 /* AppDelegate.swift in Sources */,
				F4BECB491EBE6D3D00B98BA8 /* UIColor+Pod.swift in Sources */,
				F4A3BE381ECBAC180032B3E3 /* PodView.swift in Sources */,
				95D14F211EBD7F580049C58A /* PodTableViewSectionHeader.swift in Sources */,
				95C8C3A81ED3A00F004A2A29 /* CommentTableViewCell.swift in Sources */,
				9559D0721EC8F1CD00BAC3F5 /* iCarousel.m in Sources */,
				95D14F291EBE9A5F0049C58A /* PodCreationViewController.swift in Sources */,
				95C8C3A31ED39ABC004A2A29 /* CommentViewController.swift in Sources */,
				95D14F251EBE8C410049C58A /* PodData.swift in Sources */,
				95D14F271EBE993E0049C58A /* PodTabBarController.swift in Sources */,
				9559D0701EC8F14C00BAC3F5 /* PodCarouselViewController.swift in Sources */,
				95CF56101ECBD18900B1751E /* MessageCell.swift in Sources */,
				95D14F191EBD738A0049C58A /* PodTableViewController.swift in Sources */,
				95D14F2C1EBEA0A70049C58A /* Constants.swift in Sources */,
				9578B5941ED3E4370096A518 /* NewPostViewController.swift in Sources */,
				95D14F1B1EBD773C0049C58A /* PodTableViewCell.swift in Sources */,
			);
			runOnlyForDeploymentPostprocessing = 0;
		};
/* End PBXSourcesBuildPhase section */

/* Begin PBXVariantGroup section */
		F4BECB381EBD682D00B98BA8 /* LaunchScreen.storyboard */ = {
			isa = PBXVariantGroup;
			children = (
				F4BECB391EBD682D00B98BA8 /* Base */,
			);
			name = LaunchScreen.storyboard;
			sourceTree = "<group>";
		};
/* End PBXVariantGroup section */

/* Begin XCBuildConfiguration section */
		F4BECB3C1EBD682D00B98BA8 /* Debug */ = {
			isa = XCBuildConfiguration;
			buildSettings = {
				ALWAYS_SEARCH_USER_PATHS = NO;
				CLANG_ANALYZER_NONNULL = YES;
				CLANG_ANALYZER_NUMBER_OBJECT_CONVERSION = YES_AGGRESSIVE;
				CLANG_CXX_LANGUAGE_STANDARD = "gnu++0x";
				CLANG_CXX_LIBRARY = "libc++";
				CLANG_ENABLE_MODULES = YES;
				CLANG_ENABLE_OBJC_ARC = YES;
				CLANG_WARN_BOOL_CONVERSION = YES;
				CLANG_WARN_CONSTANT_CONVERSION = YES;
				CLANG_WARN_DIRECT_OBJC_ISA_USAGE = YES_ERROR;
				CLANG_WARN_DOCUMENTATION_COMMENTS = YES;
				CLANG_WARN_EMPTY_BODY = YES;
				CLANG_WARN_ENUM_CONVERSION = YES;
				CLANG_WARN_INFINITE_RECURSION = YES;
				CLANG_WARN_INT_CONVERSION = YES;
				CLANG_WARN_OBJC_ROOT_CLASS = YES_ERROR;
				CLANG_WARN_SUSPICIOUS_MOVE = YES;
				CLANG_WARN_UNREACHABLE_CODE = YES;
				CLANG_WARN__DUPLICATE_METHOD_MATCH = YES;
				"CODE_SIGN_IDENTITY[sdk=iphoneos*]" = "iPhone Developer";
				COPY_PHASE_STRIP = NO;
				DEBUG_INFORMATION_FORMAT = dwarf;
				ENABLE_STRICT_OBJC_MSGSEND = YES;
				ENABLE_TESTABILITY = YES;
				GCC_C_LANGUAGE_STANDARD = gnu99;
				GCC_DYNAMIC_NO_PIC = NO;
				GCC_NO_COMMON_BLOCKS = YES;
				GCC_OPTIMIZATION_LEVEL = 0;
				GCC_PREPROCESSOR_DEFINITIONS = (
					"DEBUG=1",
					"$(inherited)",
				);
				GCC_WARN_64_TO_32_BIT_CONVERSION = YES;
				GCC_WARN_ABOUT_RETURN_TYPE = YES_ERROR;
				GCC_WARN_UNDECLARED_SELECTOR = YES;
				GCC_WARN_UNINITIALIZED_AUTOS = YES_AGGRESSIVE;
				GCC_WARN_UNUSED_FUNCTION = YES;
				GCC_WARN_UNUSED_VARIABLE = YES;
				IPHONEOS_DEPLOYMENT_TARGET = 10.3;
				MTL_ENABLE_DEBUG_INFO = YES;
				ONLY_ACTIVE_ARCH = YES;
				SDKROOT = iphoneos;
				SWIFT_ACTIVE_COMPILATION_CONDITIONS = DEBUG;
				SWIFT_OPTIMIZATION_LEVEL = "-Onone";
			};
			name = Debug;
		};
		F4BECB3D1EBD682D00B98BA8 /* Release */ = {
			isa = XCBuildConfiguration;
			buildSettings = {
				ALWAYS_SEARCH_USER_PATHS = NO;
				CLANG_ANALYZER_NONNULL = YES;
				CLANG_ANALYZER_NUMBER_OBJECT_CONVERSION = YES_AGGRESSIVE;
				CLANG_CXX_LANGUAGE_STANDARD = "gnu++0x";
				CLANG_CXX_LIBRARY = "libc++";
				CLANG_ENABLE_MODULES = YES;
				CLANG_ENABLE_OBJC_ARC = YES;
				CLANG_WARN_BOOL_CONVERSION = YES;
				CLANG_WARN_CONSTANT_CONVERSION = YES;
				CLANG_WARN_DIRECT_OBJC_ISA_USAGE = YES_ERROR;
				CLANG_WARN_DOCUMENTATION_COMMENTS = YES;
				CLANG_WARN_EMPTY_BODY = YES;
				CLANG_WARN_ENUM_CONVERSION = YES;
				CLANG_WARN_INFINITE_RECURSION = YES;
				CLANG_WARN_INT_CONVERSION = YES;
				CLANG_WARN_OBJC_ROOT_CLASS = YES_ERROR;
				CLANG_WARN_SUSPICIOUS_MOVE = YES;
				CLANG_WARN_UNREACHABLE_CODE = YES;
				CLANG_WARN__DUPLICATE_METHOD_MATCH = YES;
				"CODE_SIGN_IDENTITY[sdk=iphoneos*]" = "iPhone Developer";
				COPY_PHASE_STRIP = NO;
				DEBUG_INFORMATION_FORMAT = "dwarf-with-dsym";
				ENABLE_NS_ASSERTIONS = NO;
				ENABLE_STRICT_OBJC_MSGSEND = YES;
				GCC_C_LANGUAGE_STANDARD = gnu99;
				GCC_NO_COMMON_BLOCKS = YES;
				GCC_WARN_64_TO_32_BIT_CONVERSION = YES;
				GCC_WARN_ABOUT_RETURN_TYPE = YES_ERROR;
				GCC_WARN_UNDECLARED_SELECTOR = YES;
				GCC_WARN_UNINITIALIZED_AUTOS = YES_AGGRESSIVE;
				GCC_WARN_UNUSED_FUNCTION = YES;
				GCC_WARN_UNUSED_VARIABLE = YES;
				IPHONEOS_DEPLOYMENT_TARGET = 10.3;
				MTL_ENABLE_DEBUG_INFO = NO;
				SDKROOT = iphoneos;
				SWIFT_OPTIMIZATION_LEVEL = "-Owholemodule";
				VALIDATE_PRODUCT = YES;
			};
			name = Release;
		};
		F4BECB3F1EBD682D00B98BA8 /* Debug */ = {
			isa = XCBuildConfiguration;
			baseConfigurationReference = DB37B267B5709340ACC441C6 /* Pods-Pod.debug.xcconfig */;
			buildSettings = {
				ASSETCATALOG_COMPILER_APPICON_NAME = AppIcon;
				DEVELOPMENT_TEAM = F42N7QJG3C;
				INFOPLIST_FILE = Pod/Info.plist;
				IPHONEOS_DEPLOYMENT_TARGET = 9.0;
				LD_RUNPATH_SEARCH_PATHS = "$(inherited) @executable_path/Frameworks";
				PRODUCT_BUNDLE_IDENTIFIER = edu.stanford.cs194.Pod;
				PRODUCT_NAME = "$(TARGET_NAME)";
				SWIFT_OBJC_BRIDGING_HEADER = "$(PROJECT_DIR)/$(PROJECT_NAME)/$(PROJECT_NAME)-Bridging-Header.h";
				SWIFT_VERSION = 3.0;
			};
			name = Debug;
		};
		F4BECB401EBD682D00B98BA8 /* Release */ = {
			isa = XCBuildConfiguration;
			baseConfigurationReference = 6D44DA30209E359384E89016 /* Pods-Pod.release.xcconfig */;
			buildSettings = {
				ASSETCATALOG_COMPILER_APPICON_NAME = AppIcon;
				DEVELOPMENT_TEAM = F42N7QJG3C;
				INFOPLIST_FILE = Pod/Info.plist;
				IPHONEOS_DEPLOYMENT_TARGET = 9.0;
				LD_RUNPATH_SEARCH_PATHS = "$(inherited) @executable_path/Frameworks";
				PRODUCT_BUNDLE_IDENTIFIER = edu.stanford.cs194.Pod;
				PRODUCT_NAME = "$(TARGET_NAME)";
				SWIFT_OBJC_BRIDGING_HEADER = "$(PROJECT_DIR)/$(PROJECT_NAME)/$(PROJECT_NAME)-Bridging-Header.h";
				SWIFT_VERSION = 3.0;
			};
			name = Release;
		};
/* End XCBuildConfiguration section */

/* Begin XCConfigurationList section */
		F4BECB271EBD682D00B98BA8 /* Build configuration list for PBXProject "Pod" */ = {
			isa = XCConfigurationList;
			buildConfigurations = (
				F4BECB3C1EBD682D00B98BA8 /* Debug */,
				F4BECB3D1EBD682D00B98BA8 /* Release */,
			);
			defaultConfigurationIsVisible = 0;
			defaultConfigurationName = Release;
		};
		F4BECB3E1EBD682D00B98BA8 /* Build configuration list for PBXNativeTarget "Pod" */ = {
			isa = XCConfigurationList;
			buildConfigurations = (
				F4BECB3F1EBD682D00B98BA8 /* Debug */,
				F4BECB401EBD682D00B98BA8 /* Release */,
			);
			defaultConfigurationIsVisible = 0;
			defaultConfigurationName = Release;
		};
/* End XCConfigurationList section */
	};
	rootObject = F4BECB241EBD682D00B98BA8 /* Project object */;
}
